// !$*UTF8*$!
{
	archiveVersion = 1;
	classes = {
	};
	objectVersion = 77;
	objects = {

/* Begin PBXBuildFile section */
		038BE8502EEA986300CC3968 /* TinyNetworking in Frameworks */ = {isa = PBXBuildFile; productRef = 038BE84F2EEA986300CC3968 /* TinyNetworking */; };
		038BE8552EEAA7D400CC3968 /* Model in Frameworks */ = {isa = PBXBuildFile; productRef = 038BE8542EEAA7D400CC3968 /* Model */; };
		038BE8572EEAA7D400CC3968 /* ViewHelpers in Frameworks */ = {isa = PBXBuildFile; productRef = 038BE8562EEAA7D400CC3968 /* ViewHelpers */; };
		038BE8642EEBB32A00CC3968 /* Assets.xcassets in Resources */ = {isa = PBXBuildFile; fileRef = 038BE85C2EEBB32A00CC3968 /* Assets.xcassets */; };
		038BE8662EEBB32A00CC3968 /* ContentView.swift in Sources */ = {isa = PBXBuildFile; fileRef = 038BE85D2EEBB32A00CC3968 /* ContentView.swift */; };
		038BE8672EEBB32A00CC3968 /* CurrencyConverter.swift in Sources */ = {isa = PBXBuildFile; fileRef = 038BE85E2EEBB32A00CC3968 /* CurrencyConverter.swift */; };
		038BE8682EEBB32A00CC3968 /* Resource.swift in Sources */ = {isa = PBXBuildFile; fileRef = 038BE8602EEBB32A00CC3968 /* Resource.swift */; };
		038BE8692EEBB32A00CC3968 /* SwiftTalk.swift in Sources */ = {isa = PBXBuildFile; fileRef = 038BE8612EEBB32A00CC3968 /* SwiftTalk.swift */; };
		038BE86A2EEBB32A00CC3968 /* SwiftTalkApp.swift in Sources */ = {isa = PBXBuildFile; fileRef = 038BE8622EEBB32A00CC3968 /* SwiftTalkApp.swift */; };
		038BE86F2EEBD3BF00CC3968 /* Store.swift in Sources */ = {isa = PBXBuildFile; fileRef = 038BE86E2EEBD3BF00CC3968 /* Store.swift */; };
		038BE8712EEBD42400CC3968 /* CollectionDetail.swift in Sources */ = {isa = PBXBuildFile; fileRef = 038BE8702EEBD42400CC3968 /* CollectionDetail.swift */; };
		038BE8732EEBD45E00CC3968 /* EpisodeItem.swift in Sources */ = {isa = PBXBuildFile; fileRef = 038BE8722EEBD45E00CC3968 /* EpisodeItem.swift */; };
		038BE8752EEBD97500CC3968 /* CollectionItem.swift in Sources */ = {isa = PBXBuildFile; fileRef = 038BE8742EEBD97100CC3968 /* CollectionItem.swift */; };
		038BE8772EEBDA1900CC3968 /* EpisodeDetail.swift in Sources */ = {isa = PBXBuildFile; fileRef = 038BE8762EEBDA1400CC3968 /* EpisodeDetail.swift */; };
		038BE8792EEC141B00CC3968 /* Session.swift in Sources */ = {isa = PBXBuildFile; fileRef = 038BE8782EEC141800CC3968 /* Session.swift */; };
		038BE87C2EEC1D9D00CC3968 /* KeychainItem in Frameworks */ = {isa = PBXBuildFile; productRef = 038BE87B2EEC1D9D00CC3968 /* KeychainItem */; };
		038BE87E2EED950400CC3968 /* LoadingIndicator.swift in Sources */ = {isa = PBXBuildFile; fileRef = 038BE87D2EED94F300CC3968 /* LoadingIndicator.swift */; };
		038BE8802EEE3BC700CC3968 /* TravlerEffect.swift in Sources */ = {isa = PBXBuildFile; fileRef = 038BE87F2EEE3BC700CC3968 /* TravlerEffect.swift */; };
		038BE8822EEE8AFA00CC3968 /* FlowLayout.swift in Sources */ = {isa = PBXBuildFile; fileRef = 038BE8812EEE8AF000CC3968 /* FlowLayout.swift */; };
		038BE8842EEE8E0300CC3968 /* PracticeList.swift in Sources */ = {isa = PBXBuildFile; fileRef = 038BE8832EEE8E0300CC3968 /* PracticeList.swift */; };
		038BE8862EEF8D0900CC3968 /* ShakeIt.swift in Sources */ = {isa = PBXBuildFile; fileRef = 038BE8852EEF8CFF00CC3968 /* ShakeIt.swift */; };
		038BE8882EEFA18100CC3968 /* AnimationCurves.swift in Sources */ = {isa = PBXBuildFile; fileRef = 038BE8872EEFA17C00CC3968 /* AnimationCurves.swift */; };
		038BE88A2EEFCF6B00CC3968 /* ShoppingCart.swift in Sources */ = {isa = PBXBuildFile; fileRef = 038BE8892EEFCF5F00CC3968 /* ShoppingCart.swift */; };
/* End PBXBuildFile section */

/* Begin PBXFileReference section */
		038BE8342EEA83FE00CC3968 /* SwiftTalk.app */ = {isa = PBXFileReference; explicitFileType = wrapper.application; includeInIndex = 0; path = SwiftTalk.app; sourceTree = BUILT_PRODUCTS_DIR; };
		038BE85C2EEBB32A00CC3968 /* Assets.xcassets */ = {isa = PBXFileReference; lastKnownFileType = folder.assetcatalog; path = Assets.xcassets; sourceTree = "<group>"; };
		038BE85D2EEBB32A00CC3968 /* ContentView.swift */ = {isa = PBXFileReference; lastKnownFileType = sourcecode.swift; path = ContentView.swift; sourceTree = "<group>"; };
		038BE85E2EEBB32A00CC3968 /* CurrencyConverter.swift */ = {isa = PBXFileReference; lastKnownFileType = sourcecode.swift; path = CurrencyConverter.swift; sourceTree = "<group>"; };
		038BE85F2EEBB32A00CC3968 /* Info.plist */ = {isa = PBXFileReference; lastKnownFileType = text.plist.xml; path = Info.plist; sourceTree = "<group>"; };
		038BE8602EEBB32A00CC3968 /* Resource.swift */ = {isa = PBXFileReference; lastKnownFileType = sourcecode.swift; path = Resource.swift; sourceTree = "<group>"; };
		038BE8612EEBB32A00CC3968 /* SwiftTalk.swift */ = {isa = PBXFileReference; lastKnownFileType = sourcecode.swift; path = SwiftTalk.swift; sourceTree = "<group>"; };
		038BE8622EEBB32A00CC3968 /* SwiftTalkApp.swift */ = {isa = PBXFileReference; lastKnownFileType = sourcecode.swift; path = SwiftTalkApp.swift; sourceTree = "<group>"; };
		038BE86E2EEBD3BF00CC3968 /* Store.swift */ = {isa = PBXFileReference; lastKnownFileType = sourcecode.swift; path = Store.swift; sourceTree = "<group>"; };
		038BE8702EEBD42400CC3968 /* CollectionDetail.swift */ = {isa = PBXFileReference; lastKnownFileType = sourcecode.swift; path = CollectionDetail.swift; sourceTree = "<group>"; };
		038BE8722EEBD45E00CC3968 /* EpisodeItem.swift */ = {isa = PBXFileReference; lastKnownFileType = sourcecode.swift; path = EpisodeItem.swift; sourceTree = "<group>"; };
		038BE8742EEBD97100CC3968 /* CollectionItem.swift */ = {isa = PBXFileReference; lastKnownFileType = sourcecode.swift; path = CollectionItem.swift; sourceTree = "<group>"; };
		038BE8762EEBDA1400CC3968 /* EpisodeDetail.swift */ = {isa = PBXFileReference; lastKnownFileType = sourcecode.swift; path = EpisodeDetail.swift; sourceTree = "<group>"; };
		038BE8782EEC141800CC3968 /* Session.swift */ = {isa = PBXFileReference; lastKnownFileType = sourcecode.swift; path = Session.swift; sourceTree = "<group>"; };
		038BE87D2EED94F300CC3968 /* LoadingIndicator.swift */ = {isa = PBXFileReference; lastKnownFileType = sourcecode.swift; path = LoadingIndicator.swift; sourceTree = "<group>"; };
		038BE87F2EEE3BC700CC3968 /* TravlerEffect.swift */ = {isa = PBXFileReference; lastKnownFileType = sourcecode.swift; path = TravlerEffect.swift; sourceTree = "<group>"; };
		038BE8812EEE8AF000CC3968 /* FlowLayout.swift */ = {isa = PBXFileReference; lastKnownFileType = sourcecode.swift; path = FlowLayout.swift; sourceTree = "<group>"; };
		038BE8832EEE8E0300CC3968 /* PracticeList.swift */ = {isa = PBXFileReference; lastKnownFileType = sourcecode.swift; path = PracticeList.swift; sourceTree = "<group>"; };
		038BE8852EEF8CFF00CC3968 /* ShakeIt.swift */ = {isa = PBXFileReference; lastKnownFileType = sourcecode.swift; path = ShakeIt.swift; sourceTree = "<group>"; };
		038BE8872EEFA17C00CC3968 /* AnimationCurves.swift */ = {isa = PBXFileReference; lastKnownFileType = sourcecode.swift; path = AnimationCurves.swift; sourceTree = "<group>"; };
		038BE8892EEFCF5F00CC3968 /* ShoppingCart.swift */ = {isa = PBXFileReference; lastKnownFileType = sourcecode.swift; path = ShoppingCart.swift; sourceTree = "<group>"; };
/* End PBXFileReference section */

/* Begin PBXFrameworksBuildPhase section */
		038BE8312EEA83FE00CC3968 /* Frameworks */ = {
			isa = PBXFrameworksBuildPhase;
			buildActionMask = 2147483647;
			files = (
				038BE8572EEAA7D400CC3968 /* ViewHelpers in Frameworks */,
				038BE8552EEAA7D400CC3968 /* Model in Frameworks */,
				038BE8502EEA986300CC3968 /* TinyNetworking in Frameworks */,
				038BE87C2EEC1D9D00CC3968 /* KeychainItem in Frameworks */,
			);
			runOnlyForDeploymentPostprocessing = 0;
		};
/* End PBXFrameworksBuildPhase section */

/* Begin PBXGroup section */
		038BE82B2EEA83FE00CC3968 = {
			isa = PBXGroup;
			children = (
				038BE8632EEBB32A00CC3968 /* SwiftTalk */,
				038BE8352EEA83FE00CC3968 /* Products */,
			);
			sourceTree = "<group>";
		};
		038BE8352EEA83FE00CC3968 /* Products */ = {
			isa = PBXGroup;
			children = (
				038BE8342EEA83FE00CC3968 /* SwiftTalk.app */,
			);
			name = Products;
			sourceTree = "<group>";
		};
		038BE8632EEBB32A00CC3968 /* SwiftTalk */ = {
			isa = PBXGroup;
			children = (
				038BE85F2EEBB32A00CC3968 /* Info.plist */,
				038BE85C2EEBB32A00CC3968 /* Assets.xcassets */,
				038BE8622EEBB32A00CC3968 /* SwiftTalkApp.swift */,
				038BE85D2EEBB32A00CC3968 /* ContentView.swift */,
				038BE8602EEBB32A00CC3968 /* Resource.swift */,
				038BE87F2EEE3BC700CC3968 /* TravlerEffect.swift */,
				038BE8812EEE8AF000CC3968 /* FlowLayout.swift */,
				038BE85E2EEBB32A00CC3968 /* CurrencyConverter.swift */,
				038BE87D2EED94F300CC3968 /* LoadingIndicator.swift */,
				038BE8852EEF8CFF00CC3968 /* ShakeIt.swift */,
				038BE8872EEFA17C00CC3968 /* AnimationCurves.swift */,
				038BE8892EEFCF5F00CC3968 /* ShoppingCart.swift */,
				038BE8832EEE8E0300CC3968 /* PracticeList.swift */,
				038BE86D2EEBD39400CC3968 /* SwiftTalk */,
			);
			path = SwiftTalk;
			sourceTree = "<group>";
		};
		038BE86D2EEBD39400CC3968 /* SwiftTalk */ = {
			isa = PBXGroup;
			children = (
				038BE8612EEBB32A00CC3968 /* SwiftTalk.swift */,
				038BE8742EEBD97100CC3968 /* CollectionItem.swift */,
				038BE8722EEBD45E00CC3968 /* EpisodeItem.swift */,
				038BE8702EEBD42400CC3968 /* CollectionDetail.swift */,
				038BE8762EEBDA1400CC3968 /* EpisodeDetail.swift */,
				038BE8782EEC141800CC3968 /* Session.swift */,
				038BE86E2EEBD3BF00CC3968 /* Store.swift */,
			);
			path = SwiftTalk;
			sourceTree = "<group>";
		};
/* End PBXGroup section */

/* Begin PBXNativeTarget section */
		038BE8332EEA83FE00CC3968 /* SwiftTalk */ = {
			isa = PBXNativeTarget;
			buildConfigurationList = 038BE83F2EEA840000CC3968 /* Build configuration list for PBXNativeTarget "SwiftTalk" */;
			buildPhases = (
				038BE8302EEA83FE00CC3968 /* Sources */,
				038BE8312EEA83FE00CC3968 /* Frameworks */,
				038BE8322EEA83FE00CC3968 /* Resources */,
			);
			buildRules = (
			);
			dependencies = (
			);
			name = SwiftTalk;
			packageProductDependencies = (
				038BE84F2EEA986300CC3968 /* TinyNetworking */,
				038BE8542EEAA7D400CC3968 /* Model */,
				038BE8562EEAA7D400CC3968 /* ViewHelpers */,
				038BE87B2EEC1D9D00CC3968 /* KeychainItem */,
			);
			productName = CurrencyConverter;
			productReference = 038BE8342EEA83FE00CC3968 /* SwiftTalk.app */;
			productType = "com.apple.product-type.application";
		};
/* End PBXNativeTarget section */

/* Begin PBXProject section */
		038BE82C2EEA83FE00CC3968 /* Project object */ = {
			isa = PBXProject;
			attributes = {
				BuildIndependentTargetsInParallel = 1;
				LastSwiftUpdateCheck = 2610;
				LastUpgradeCheck = 2610;
				TargetAttributes = {
					038BE8332EEA83FE00CC3968 = {
						CreatedOnToolsVersion = 26.1.1;
					};
				};
			};
			buildConfigurationList = 038BE82F2EEA83FE00CC3968 /* Build configuration list for PBXProject "SwiftTalk" */;
			developmentRegion = en;
			hasScannedForEncodings = 0;
			knownRegions = (
				en,
				Base,
			);
			mainGroup = 038BE82B2EEA83FE00CC3968;
			minimizedProjectReferenceProxies = 1;
			packageReferences = (
				038BE84E2EEA986300CC3968 /* XCRemoteSwiftPackageReference "tiny-networking" */,
				038BE8532EEAA7D400CC3968 /* XCRemoteSwiftPackageReference "swift-talk-shared" */,
				038BE87A2EEC1D9D00CC3968 /* XCRemoteSwiftPackageReference "keychain-item" */,
			);
			preferredProjectObjectVersion = 77;
			productRefGroup = 038BE8352EEA83FE00CC3968 /* Products */;
			projectDirPath = "";
			projectRoot = "";
			targets = (
				038BE8332EEA83FE00CC3968 /* SwiftTalk */,
			);
		};
/* End PBXProject section */

/* Begin PBXResourcesBuildPhase section */
		038BE8322EEA83FE00CC3968 /* Resources */ = {
			isa = PBXResourcesBuildPhase;
			buildActionMask = 2147483647;
			files = (
				038BE8642EEBB32A00CC3968 /* Assets.xcassets in Resources */,
			);
			runOnlyForDeploymentPostprocessing = 0;
		};
/* End PBXResourcesBuildPhase section */

/* Begin PBXSourcesBuildPhase section */
		038BE8302EEA83FE00CC3968 /* Sources */ = {
			isa = PBXSourcesBuildPhase;
			buildActionMask = 2147483647;
			files = (
				038BE87E2EED950400CC3968 /* LoadingIndicator.swift in Sources */,
				038BE8862EEF8D0900CC3968 /* ShakeIt.swift in Sources */,
				038BE8752EEBD97500CC3968 /* CollectionItem.swift in Sources */,
				038BE8712EEBD42400CC3968 /* CollectionDetail.swift in Sources */,
				038BE86F2EEBD3BF00CC3968 /* Store.swift in Sources */,
				038BE8662EEBB32A00CC3968 /* ContentView.swift in Sources */,
				038BE8882EEFA18100CC3968 /* AnimationCurves.swift in Sources */,
				038BE88A2EEFCF6B00CC3968 /* ShoppingCart.swift in Sources */,
				038BE8792EEC141B00CC3968 /* Session.swift in Sources */,
				038BE8822EEE8AFA00CC3968 /* FlowLayout.swift in Sources */,
				038BE8672EEBB32A00CC3968 /* CurrencyConverter.swift in Sources */,
				038BE8732EEBD45E00CC3968 /* EpisodeItem.swift in Sources */,
				038BE8772EEBDA1900CC3968 /* EpisodeDetail.swift in Sources */,
				038BE8842EEE8E0300CC3968 /* PracticeList.swift in Sources */,
				038BE8802EEE3BC700CC3968 /* TravlerEffect.swift in Sources */,
				038BE8682EEBB32A00CC3968 /* Resource.swift in Sources */,
				038BE8692EEBB32A00CC3968 /* SwiftTalk.swift in Sources */,
				038BE86A2EEBB32A00CC3968 /* SwiftTalkApp.swift in Sources */,
			);
			runOnlyForDeploymentPostprocessing = 0;
		};
/* End PBXSourcesBuildPhase section */

/* Begin XCBuildConfiguration section */
		038BE83D2EEA840000CC3968 /* Debug */ = {
			isa = XCBuildConfiguration;
			buildSettings = {
				ALWAYS_SEARCH_USER_PATHS = NO;
				ASSETCATALOG_COMPILER_GENERATE_SWIFT_ASSET_SYMBOL_EXTENSIONS = YES;
				CLANG_ANALYZER_NONNULL = YES;
				CLANG_ANALYZER_NUMBER_OBJECT_CONVERSION = YES_AGGRESSIVE;
				CLANG_CXX_LANGUAGE_STANDARD = "gnu++20";
				CLANG_ENABLE_MODULES = YES;
				CLANG_ENABLE_OBJC_ARC = YES;
				CLANG_ENABLE_OBJC_WEAK = YES;
				CLANG_WARN_BLOCK_CAPTURE_AUTORELEASING = YES;
				CLANG_WARN_BOOL_CONVERSION = YES;
				CLANG_WARN_COMMA = YES;
				CLANG_WARN_CONSTANT_CONVERSION = YES;
				CLANG_WARN_DEPRECATED_OBJC_IMPLEMENTATIONS = YES;
				CLANG_WARN_DIRECT_OBJC_ISA_USAGE = YES_ERROR;
				CLANG_WARN_DOCUMENTATION_COMMENTS = YES;
				CLANG_WARN_EMPTY_BODY = YES;
				CLANG_WARN_ENUM_CONVERSION = YES;
				CLANG_WARN_INFINITE_RECURSION = YES;
				CLANG_WARN_INT_CONVERSION = YES;
				CLANG_WARN_NON_LITERAL_NULL_CONVERSION = YES;
				CLANG_WARN_OBJC_IMPLICIT_RETAIN_SELF = YES;
				CLANG_WARN_OBJC_LITERAL_CONVERSION = YES;
				CLANG_WARN_OBJC_ROOT_CLASS = YES_ERROR;
				CLANG_WARN_QUOTED_INCLUDE_IN_FRAMEWORK_HEADER = YES;
				CLANG_WARN_RANGE_LOOP_ANALYSIS = YES;
				CLANG_WARN_STRICT_PROTOTYPES = YES;
				CLANG_WARN_SUSPICIOUS_MOVE = YES;
				CLANG_WARN_UNGUARDED_AVAILABILITY = YES_AGGRESSIVE;
				CLANG_WARN_UNREACHABLE_CODE = YES;
				CLANG_WARN__DUPLICATE_METHOD_MATCH = YES;
				COPY_PHASE_STRIP = NO;
				DEBUG_INFORMATION_FORMAT = dwarf;
				DEVELOPMENT_TEAM = 7LL68ZB79D;
				ENABLE_STRICT_OBJC_MSGSEND = YES;
				ENABLE_TESTABILITY = YES;
				ENABLE_USER_SCRIPT_SANDBOXING = YES;
				GCC_C_LANGUAGE_STANDARD = gnu17;
				GCC_DYNAMIC_NO_PIC = NO;
				GCC_NO_COMMON_BLOCKS = YES;
				GCC_OPTIMIZATION_LEVEL = 0;
				GCC_PREPROCESSOR_DEFINITIONS = (
					"DEBUG=1",
					"$(inherited)",
				);
				GCC_WARN_64_TO_32_BIT_CONVERSION = YES;
				GCC_WARN_ABOUT_RETURN_TYPE = YES_ERROR;
				GCC_WARN_UNDECLARED_SELECTOR = YES;
				GCC_WARN_UNINITIALIZED_AUTOS = YES_AGGRESSIVE;
				GCC_WARN_UNUSED_FUNCTION = YES;
				GCC_WARN_UNUSED_VARIABLE = YES;
				LOCALIZATION_PREFERS_STRING_CATALOGS = YES;
				MTL_ENABLE_DEBUG_INFO = INCLUDE_SOURCE;
				MTL_FAST_MATH = YES;
				ONLY_ACTIVE_ARCH = YES;
				SWIFT_ACTIVE_COMPILATION_CONDITIONS = "DEBUG $(inherited)";
				SWIFT_OPTIMIZATION_LEVEL = "-Onone";
			};
			name = Debug;
		};
		038BE83E2EEA840000CC3968 /* Release */ = {
			isa = XCBuildConfiguration;
			buildSettings = {
				ALWAYS_SEARCH_USER_PATHS = NO;
				ASSETCATALOG_COMPILER_GENERATE_SWIFT_ASSET_SYMBOL_EXTENSIONS = YES;
				CLANG_ANALYZER_NONNULL = YES;
				CLANG_ANALYZER_NUMBER_OBJECT_CONVERSION = YES_AGGRESSIVE;
				CLANG_CXX_LANGUAGE_STANDARD = "gnu++20";
				CLANG_ENABLE_MODULES = YES;
				CLANG_ENABLE_OBJC_ARC = YES;
				CLANG_ENABLE_OBJC_WEAK = YES;
				CLANG_WARN_BLOCK_CAPTURE_AUTORELEASING = YES;
				CLANG_WARN_BOOL_CONVERSION = YES;
				CLANG_WARN_COMMA = YES;
				CLANG_WARN_CONSTANT_CONVERSION = YES;
				CLANG_WARN_DEPRECATED_OBJC_IMPLEMENTATIONS = YES;
				CLANG_WARN_DIRECT_OBJC_ISA_USAGE = YES_ERROR;
				CLANG_WARN_DOCUMENTATION_COMMENTS = YES;
				CLANG_WARN_EMPTY_BODY = YES;
				CLANG_WARN_ENUM_CONVERSION = YES;
				CLANG_WARN_INFINITE_RECURSION = YES;
				CLANG_WARN_INT_CONVERSION = YES;
				CLANG_WARN_NON_LITERAL_NULL_CONVERSION = YES;
				CLANG_WARN_OBJC_IMPLICIT_RETAIN_SELF = YES;
				CLANG_WARN_OBJC_LITERAL_CONVERSION = YES;
				CLANG_WARN_OBJC_ROOT_CLASS = YES_ERROR;
				CLANG_WARN_QUOTED_INCLUDE_IN_FRAMEWORK_HEADER = YES;
				CLANG_WARN_RANGE_LOOP_ANALYSIS = YES;
				CLANG_WARN_STRICT_PROTOTYPES = YES;
				CLANG_WARN_SUSPICIOUS_MOVE = YES;
				CLANG_WARN_UNGUARDED_AVAILABILITY = YES_AGGRESSIVE;
				CLANG_WARN_UNREACHABLE_CODE = YES;
				CLANG_WARN__DUPLICATE_METHOD_MATCH = YES;
				COPY_PHASE_STRIP = NO;
				DEBUG_INFORMATION_FORMAT = "dwarf-with-dsym";
				DEVELOPMENT_TEAM = 7LL68ZB79D;
				ENABLE_NS_ASSERTIONS = NO;
				ENABLE_STRICT_OBJC_MSGSEND = YES;
				ENABLE_USER_SCRIPT_SANDBOXING = YES;
				GCC_C_LANGUAGE_STANDARD = gnu17;
				GCC_NO_COMMON_BLOCKS = YES;
				GCC_WARN_64_TO_32_BIT_CONVERSION = YES;
				GCC_WARN_ABOUT_RETURN_TYPE = YES_ERROR;
				GCC_WARN_UNDECLARED_SELECTOR = YES;
				GCC_WARN_UNINITIALIZED_AUTOS = YES_AGGRESSIVE;
				GCC_WARN_UNUSED_FUNCTION = YES;
				GCC_WARN_UNUSED_VARIABLE = YES;
				LOCALIZATION_PREFERS_STRING_CATALOGS = YES;
				MTL_ENABLE_DEBUG_INFO = NO;
				MTL_FAST_MATH = YES;
				SWIFT_COMPILATION_MODE = wholemodule;
			};
			name = Release;
		};
		038BE8402EEA840000CC3968 /* Debug */ = {
			isa = XCBuildConfiguration;
			buildSettings = {
				ASSETCATALOG_COMPILER_APPICON_NAME = AppIcon;
				ASSETCATALOG_COMPILER_GLOBAL_ACCENT_COLOR_NAME = AccentColor;
				CODE_SIGN_STYLE = Automatic;
				CURRENT_PROJECT_VERSION = 1;
				DEVELOPMENT_TEAM = 7LL68ZB79D;
				ENABLE_APP_SANDBOX = YES;
				ENABLE_HARDENED_RUNTIME = YES;
				ENABLE_PREVIEWS = YES;
				ENABLE_USER_SELECTED_FILES = readonly;
				GENERATE_INFOPLIST_FILE = YES;
				INFOPLIST_FILE = SwiftTalk/Info.plist;
				"INFOPLIST_KEY_UIApplicationSceneManifest_Generation[sdk=iphoneos*]" = YES;
				"INFOPLIST_KEY_UIApplicationSceneManifest_Generation[sdk=iphonesimulator*]" = YES;
				"INFOPLIST_KEY_UIApplicationSupportsIndirectInputEvents[sdk=iphoneos*]" = YES;
				"INFOPLIST_KEY_UIApplicationSupportsIndirectInputEvents[sdk=iphonesimulator*]" = YES;
				"INFOPLIST_KEY_UILaunchScreen_Generation[sdk=iphoneos*]" = YES;
				"INFOPLIST_KEY_UILaunchScreen_Generation[sdk=iphonesimulator*]" = YES;
				"INFOPLIST_KEY_UIStatusBarStyle[sdk=iphoneos*]" = UIStatusBarStyleDefault;
				"INFOPLIST_KEY_UIStatusBarStyle[sdk=iphonesimulator*]" = UIStatusBarStyleDefault;
				INFOPLIST_KEY_UISupportedInterfaceOrientations_iPad = "UIInterfaceOrientationPortrait UIInterfaceOrientationPortraitUpsideDown UIInterfaceOrientationLandscapeLeft UIInterfaceOrientationLandscapeRight";
				INFOPLIST_KEY_UISupportedInterfaceOrientations_iPhone = "UIInterfaceOrientationPortrait UIInterfaceOrientationLandscapeLeft UIInterfaceOrientationLandscapeRight";
				IPHONEOS_DEPLOYMENT_TARGET = 26.1;
				LD_RUNPATH_SEARCH_PATHS = "@executable_path/Frameworks";
				"LD_RUNPATH_SEARCH_PATHS[sdk=macosx*]" = "@executable_path/../Frameworks";
				MACOSX_DEPLOYMENT_TARGET = 15.7;
				MARKETING_VERSION = 1.0;
				PRODUCT_BUNDLE_IDENTIFIER = com.imkdir.SwiftTalk;
				"PRODUCT_BUNDLE_IDENTIFIER[sdk=iphoneos*]" = com.mkdir.SwfitTalk;
				"PRODUCT_BUNDLE_IDENTIFIER[sdk=macosx*]" = com.mkdir.SwfitTalk;
				"PRODUCT_BUNDLE_IDENTIFIER[sdk=xros*]" = com.mkdir.SwfitTalk;
				PRODUCT_NAME = "$(TARGET_NAME)";
				REGISTER_APP_GROUPS = YES;
				SDKROOT = auto;
				STRING_CATALOG_GENERATE_SYMBOLS = YES;
				SUPPORTED_PLATFORMS = "iphoneos iphonesimulator macosx xros xrsimulator";
				SWIFT_APPROACHABLE_CONCURRENCY = YES;
				SWIFT_DEFAULT_ACTOR_ISOLATION = MainActor;
				SWIFT_EMIT_LOC_STRINGS = YES;
				SWIFT_UPCOMING_FEATURE_MEMBER_IMPORT_VISIBILITY = YES;
				SWIFT_VERSION = 5.0;
				TARGETED_DEVICE_FAMILY = "1,2,7";
				XROS_DEPLOYMENT_TARGET = 26.1;
			};
			name = Debug;
		};
		038BE8412EEA840000CC3968 /* Release */ = {
			isa = XCBuildConfiguration;
			buildSettings = {
				ASSETCATALOG_COMPILER_APPICON_NAME = AppIcon;
				ASSETCATALOG_COMPILER_GLOBAL_ACCENT_COLOR_NAME = AccentColor;
				CODE_SIGN_STYLE = Automatic;
				CURRENT_PROJECT_VERSION = 1;
				DEVELOPMENT_TEAM = 7LL68ZB79D;
				ENABLE_APP_SANDBOX = YES;
				ENABLE_HARDENED_RUNTIME = YES;
				ENABLE_PREVIEWS = YES;
				ENABLE_USER_SELECTED_FILES = readonly;
				GENERATE_INFOPLIST_FILE = YES;
				INFOPLIST_FILE = SwiftTalk/Info.plist;
				"INFOPLIST_KEY_UIApplicationSceneManifest_Generation[sdk=iphoneos*]" = YES;
				"INFOPLIST_KEY_UIApplicationSceneManifest_Generation[sdk=iphonesimulator*]" = YES;
				"INFOPLIST_KEY_UIApplicationSupportsIndirectInputEvents[sdk=iphoneos*]" = YES;
				"INFOPLIST_KEY_UIApplicationSupportsIndirectInputEvents[sdk=iphonesimulator*]" = YES;
				"INFOPLIST_KEY_UILaunchScreen_Generation[sdk=iphoneos*]" = YES;
				"INFOPLIST_KEY_UILaunchScreen_Generation[sdk=iphonesimulator*]" = YES;
				"INFOPLIST_KEY_UIStatusBarStyle[sdk=iphoneos*]" = UIStatusBarStyleDefault;
				"INFOPLIST_KEY_UIStatusBarStyle[sdk=iphonesimulator*]" = UIStatusBarStyleDefault;
				INFOPLIST_KEY_UISupportedInterfaceOrientations_iPad = "UIInterfaceOrientationPortrait UIInterfaceOrientationPortraitUpsideDown UIInterfaceOrientationLandscapeLeft UIInterfaceOrientationLandscapeRight";
				INFOPLIST_KEY_UISupportedInterfaceOrientations_iPhone = "UIInterfaceOrientationPortrait UIInterfaceOrientationLandscapeLeft UIInterfaceOrientationLandscapeRight";
				IPHONEOS_DEPLOYMENT_TARGET = 26.1;
				LD_RUNPATH_SEARCH_PATHS = "@executable_path/Frameworks";
				"LD_RUNPATH_SEARCH_PATHS[sdk=macosx*]" = "@executable_path/../Frameworks";
				MACOSX_DEPLOYMENT_TARGET = 15.7;
				MARKETING_VERSION = 1.0;
				PRODUCT_BUNDLE_IDENTIFIER = com.imkdir.SwiftTalk;
				"PRODUCT_BUNDLE_IDENTIFIER[sdk=iphoneos*]" = com.mkdir.SwfitTalk;
				"PRODUCT_BUNDLE_IDENTIFIER[sdk=macosx*]" = com.mkdir.SwfitTalk;
				"PRODUCT_BUNDLE_IDENTIFIER[sdk=xros*]" = com.mkdir.SwfitTalk;
				PRODUCT_NAME = "$(TARGET_NAME)";
				REGISTER_APP_GROUPS = YES;
				SDKROOT = auto;
				STRING_CATALOG_GENERATE_SYMBOLS = YES;
				SUPPORTED_PLATFORMS = "iphoneos iphonesimulator macosx xros xrsimulator";
				SWIFT_APPROACHABLE_CONCURRENCY = YES;
				SWIFT_DEFAULT_ACTOR_ISOLATION = MainActor;
				SWIFT_EMIT_LOC_STRINGS = YES;
				SWIFT_UPCOMING_FEATURE_MEMBER_IMPORT_VISIBILITY = YES;
				SWIFT_VERSION = 5.0;
				TARGETED_DEVICE_FAMILY = "1,2,7";
				XROS_DEPLOYMENT_TARGET = 26.1;
			};
			name = Release;
		};
/* End XCBuildConfiguration section */

/* Begin XCConfigurationList section */
		038BE82F2EEA83FE00CC3968 /* Build configuration list for PBXProject "SwiftTalk" */ = {
			isa = XCConfigurationList;
			buildConfigurations = (
				038BE83D2EEA840000CC3968 /* Debug */,
				038BE83E2EEA840000CC3968 /* Release */,
			);
			defaultConfigurationIsVisible = 0;
			defaultConfigurationName = Release;
		};
		038BE83F2EEA840000CC3968 /* Build configuration list for PBXNativeTarget "SwiftTalk" */ = {
			isa = XCConfigurationList;
			buildConfigurations = (
				038BE8402EEA840000CC3968 /* Debug */,
				038BE8412EEA840000CC3968 /* Release */,
			);
			defaultConfigurationIsVisible = 0;
			defaultConfigurationName = Release;
		};
/* End XCConfigurationList section */

/* Begin XCRemoteSwiftPackageReference section */
		038BE84E2EEA986300CC3968 /* XCRemoteSwiftPackageReference "tiny-networking" */ = {
			isa = XCRemoteSwiftPackageReference;
			repositoryURL = "https://github.com/objcio/tiny-networking";
			requirement = {
				kind = upToNextMajorVersion;
				minimumVersion = 0.5.0;
			};
		};
		038BE8532EEAA7D400CC3968 /* XCRemoteSwiftPackageReference "swift-talk-shared" */ = {
			isa = XCRemoteSwiftPackageReference;
			repositoryURL = "https://github.com/objcio/swift-talk-shared";
			requirement = {
				kind = upToNextMajorVersion;
				minimumVersion = 0.3.3;
			};
		};
		038BE87A2EEC1D9D00CC3968 /* XCRemoteSwiftPackageReference "keychain-item" */ = {
			isa = XCRemoteSwiftPackageReference;
			repositoryURL = "https://github.com/objcio/keychain-item";
			requirement = {
				kind = upToNextMajorVersion;
				minimumVersion = 0.1.0;
			};
		};
/* End XCRemoteSwiftPackageReference section */

/* Begin XCSwiftPackageProductDependency section */
		038BE84F2EEA986300CC3968 /* TinyNetworking */ = {
			isa = XCSwiftPackageProductDependency;
			package = 038BE84E2EEA986300CC3968 /* XCRemoteSwiftPackageReference "tiny-networking" */;
			productName = TinyNetworking;
		};
		038BE8542EEAA7D400CC3968 /* Model */ = {
			isa = XCSwiftPackageProductDependency;
			package = 038BE8532EEAA7D400CC3968 /* XCRemoteSwiftPackageReference "swift-talk-shared" */;
			productName = Model;
		};
		038BE8562EEAA7D400CC3968 /* ViewHelpers */ = {
			isa = XCSwiftPackageProductDependency;
			package = 038BE8532EEAA7D400CC3968 /* XCRemoteSwiftPackageReference "swift-talk-shared" */;
			productName = ViewHelpers;
		};
		038BE87B2EEC1D9D00CC3968 /* KeychainItem */ = {
			isa = XCSwiftPackageProductDependency;
			package = 038BE87A2EEC1D9D00CC3968 /* XCRemoteSwiftPackageReference "keychain-item" */;
			productName = KeychainItem;
		};
/* End XCSwiftPackageProductDependency section */
	};
	rootObject = 038BE82C2EEA83FE00CC3968 /* Project object */;
}
