{
  "originHash" : "f8b477a7551b518b86be0d2e90404b952ba3b2c01d82a6662011ee7f1bdb4209",
  "pins" : [
    {
      "identity" : "swift-talk-shared",
      "kind" : "remoteSourceControl",
      "location" : "https://github.com/objcio/swift-talk-shared",
      "state" : {
        "revision" : "0238161c1bf1a3db01c6d51b801e6d02656199b4",
        "version" : "0.3.3"
      }
    },
    {
      "identity" : "tiny-networking",
      "kind" : "remoteSourceControl",
      "location" : "https://github.com/objcio/tiny-networking",
      "state" : {
        "revision" : "45ba230cc9a843bf82a642803a43ef8838dc5b70",
        "version" : "0.5.0"
      }
    }
  ],
  "version" : 3
}
